
Microsoft Visual Studio Solution File, Format Version 12.00
# Visual Studio 15
VisualStudioVersion = 15.0.28010.2003
MinimumVisualStudioVersion = 10.0.40219.1
Project("{8BC9CEB8-8B4A-11D0-8D11-00A0C91BC942}") = "dragonfly-egg", "dragonfly-egg\dragonfly-egg.vcxproj", "{35375865-8864-4E4C-B4ED-42344BAC9FB5}"
EndProject
Global
	GlobalSection(Performance) = preSolution
		HasPerformanceSessions = true
	EndGlobalSection
	GlobalSection(SolutionConfigurationPlatforms) = preSolution
		Debug|x64 = Debug|x64
		Debug|x86 = Debug|x86
		Release|x64 = Release|x64
		Release|x86 = Release|x86
	EndGlobalSection
	GlobalSection(ProjectConfigurationPlatforms) = postSolution
		{35375865-8864-4E4C-B4ED-42344BAC9FB5}.Debug|x64.ActiveCfg = Debug|x64
		{35375865-8864-4E4C-B4ED-42344BAC9FB5}.Debug|x64.Build.0 = Debug|x64
		{35375865-8864-4E4C-B4ED-42344BAC9FB5}.Debug|x86.ActiveCfg = Debug|Win32
		{35375865-8864-4E4C-B4ED-42344BAC9FB5}.Debug|x86.Build.0 = Debug|Win32
		{35375865-8864-4E4C-B4ED-42344BAC9FB5}.Release|x64.ActiveCfg = Release|x64
		{35375865-8864-4E4C-B4ED-42344BAC9FB5}.Release|x64.Build.0 = Release|x64
		{35375865-8864-4E4C-B4ED-42344BAC9FB5}.Release|x86.ActiveCfg = Release|Win32
		{35375865-8864-4E4C-B4ED-42344BAC9FB5}.Release|x86.Build.0 = Release|Win32
	EndGlobalSection
	GlobalSection(SolutionProperties) = preSolution
		HideSolutionNode = FALSE
	EndGlobalSection
	GlobalSection(ExtensibilityGlobals) = postSolution
		SolutionGuid = {91448A03-9FA6-485A-AFD8-62713DF4A5E3}
	EndGlobalSection
	GlobalSection(Performance) = preSolution
		HasPerformanceSessions = true
	EndGlobalSection
EndGlobal
